// !$*UTF8*$!
{
	archiveVersion = 1;
	classes = {
	};
	objectVersion = 48;
	objects = {

/* Begin PBXBuildFile section */
		E546F6951F75D58C007E9C9F /* AppDelegate.swift in Sources */ = {isa = PBXBuildFile; fileRef = E546F6941F75D58C007E9C9F /* AppDelegate.swift */; };
		E546F6971F75D58C007E9C9F /* ViewController.swift in Sources */ = {isa = PBXBuildFile; fileRef = E546F6961F75D58C007E9C9F /* ViewController.swift */; };
		E546F69A1F75D58C007E9C9F /* Main.storyboard in Resources */ = {isa = PBXBuildFile; fileRef = E546F6981F75D58C007E9C9F /* Main.storyboard */; };
		E546F69C1F75D58C007E9C9F /* Assets.xcassets in Resources */ = {isa = PBXBuildFile; fileRef = E546F69B1F75D58C007E9C9F /* Assets.xcassets */; };
		E546F69F1F75D58C007E9C9F /* LaunchScreen.storyboard in Resources */ = {isa = PBXBuildFile; fileRef = E546F69D1F75D58C007E9C9F /* LaunchScreen.storyboard */; };
		E546F6AA1F75D58C007E9C9F /* MadridShopsTests.swift in Sources */ = {isa = PBXBuildFile; fileRef = E546F6A91F75D58C007E9C9F /* MadridShopsTests.swift */; };
/* End PBXBuildFile section */

/* Begin PBXContainerItemProxy section */
		E546F6A61F75D58C007E9C9F /* PBXContainerItemProxy */ = {
			isa = PBXContainerItemProxy;
			containerPortal = E546F6891F75D58C007E9C9F /* Project object */;
			proxyType = 1;
			remoteGlobalIDString = E546F6901F75D58C007E9C9F;
			remoteInfo = MadridShops;
		};
/* End PBXContainerItemProxy section */

/* Begin PBXFileReference section */
		E546F6911F75D58C007E9C9F /* MadridShops.app */ = {isa = PBXFileReference; explicitFileType = wrapper.application; includeInIndex = 0; path = MadridShops.app; sourceTree = BUILT_PRODUCTS_DIR; };
		E546F6941F75D58C007E9C9F /* AppDelegate.swift */ = {isa = PBXFileReference; lastKnownFileType = sourcecode.swift; path = AppDelegate.swift; sourceTree = "<group>"; };
		E546F6961F75D58C007E9C9F /* ViewController.swift */ = {isa = PBXFileReference; lastKnownFileType = sourcecode.swift; path = ViewController.swift; sourceTree = "<group>"; };
		E546F6991F75D58C007E9C9F /* Base */ = {isa = PBXFileReference; lastKnownFileType = file.storyboard; name = Base; path = Base.lproj/Main.storyboard; sourceTree = "<group>"; };
		E546F69B1F75D58C007E9C9F /* Assets.xcassets */ = {isa = PBXFileReference; lastKnownFileType = folder.assetcatalog; path = Assets.xcassets; sourceTree = "<group>"; };
		E546F69E1F75D58C007E9C9F /* Base */ = {isa = PBXFileReference; lastKnownFileType = file.storyboard; name = Base; path = Base.lproj/LaunchScreen.storyboard; sourceTree = "<group>"; };
		E546F6A01F75D58C007E9C9F /* Info.plist */ = {isa = PBXFileReference; lastKnownFileType = text.plist.xml; path = Info.plist; sourceTree = "<group>"; };
		E546F6A51F75D58C007E9C9F /* MadridShopsTests.xctest */ = {isa = PBXFileReference; explicitFileType = wrapper.cfbundle; includeInIndex = 0; path = MadridShopsTests.xctest; sourceTree = BUILT_PRODUCTS_DIR; };
		E546F6A91F75D58C007E9C9F /* MadridShopsTests.swift */ = {isa = PBXFileReference; lastKnownFileType = sourcecode.swift; path = MadridShopsTests.swift; sourceTree = "<group>"; };
		E546F6AB1F75D58C007E9C9F /* Info.plist */ = {isa = PBXFileReference; lastKnownFileType = text.plist.xml; path = Info.plist; sourceTree = "<group>"; };
/* End PBXFileReference section */

/* Begin PBXFrameworksBuildPhase section */
		E546F68E1F75D58C007E9C9F /* Frameworks */ = {
			isa = PBXFrameworksBuildPhase;
			buildActionMask = 2147483647;
			files = (
			);
			runOnlyForDeploymentPostprocessing = 0;
		};
		E546F6A21F75D58C007E9C9F /* Frameworks */ = {
			isa = PBXFrameworksBuildPhase;
			buildActionMask = 2147483647;
			files = (
			);
			runOnlyForDeploymentPostprocessing = 0;
		};
/* End PBXFrameworksBuildPhase section */

/* Begin PBXGroup section */
		E546F6881F75D58C007E9C9F = {
			isa = PBXGroup;
			children = (
				E546F6931F75D58C007E9C9F /* MadridShops */,
				E546F6A81F75D58C007E9C9F /* MadridShopsTests */,
				E546F6921F75D58C007E9C9F /* Products */,
			);
			sourceTree = "<group>";
		};
		E546F6921F75D58C007E9C9F /* Products */ = {
			isa = PBXGroup;
			children = (
				E546F6911F75D58C007E9C9F /* MadridShops.app */,
				E546F6A51F75D58C007E9C9F /* MadridShopsTests.xctest */,
			);
			name = Products;
			sourceTree = "<group>";
		};
		E546F6931F75D58C007E9C9F /* MadridShops */ = {
			isa = PBXGroup;
			children = (
				E546F6941F75D58C007E9C9F /* AppDelegate.swift */,
				E546F6B61F75D647007E9C9F /* Model */,
				E546F6B51F75D633007E9C9F /* View */,
				E546F6B41F75D629007E9C9F /* Controller */,
				E546F69B1F75D58C007E9C9F /* Assets.xcassets */,
				E546F6A01F75D58C007E9C9F /* Info.plist */,
			);
			path = MadridShops;
			sourceTree = "<group>";
		};
		E546F6A81F75D58C007E9C9F /* MadridShopsTests */ = {
			isa = PBXGroup;
			children = (
				E546F6A91F75D58C007E9C9F /* MadridShopsTests.swift */,
				E546F6AB1F75D58C007E9C9F /* Info.plist */,
			);
			path = MadridShopsTests;
			sourceTree = "<group>";
		};
		E546F6B41F75D629007E9C9F /* Controller */ = {
			isa = PBXGroup;
			children = (
				E546F6961F75D58C007E9C9F /* ViewController.swift */,
			);
			path = Controller;
			sourceTree = "<group>";
		};
		E546F6B51F75D633007E9C9F /* View */ = {
			isa = PBXGroup;
			children = (
				E546F6981F75D58C007E9C9F /* Main.storyboard */,
				E546F69D1F75D58C007E9C9F /* LaunchScreen.storyboard */,
			);
			path = View;
			sourceTree = "<group>";
		};
		E546F6B61F75D647007E9C9F /* Model */ = {
			isa = PBXGroup;
			children = (
			);
			path = Model;
			sourceTree = "<group>";
		};
/* End PBXGroup section */

/* Begin PBXNativeTarget section */
		E546F6901F75D58C007E9C9F /* MadridShops */ = {
			isa = PBXNativeTarget;
			buildConfigurationList = E546F6AE1F75D58C007E9C9F /* Build configuration list for PBXNativeTarget "MadridShops" */;
			buildPhases = (
				E546F68D1F75D58C007E9C9F /* Sources */,
				E546F68E1F75D58C007E9C9F /* Frameworks */,
				E546F68F1F75D58C007E9C9F /* Resources */,
			);
			buildRules = (
			);
			dependencies = (
			);
			name = MadridShops;
			productName = MadridShops;
			productReference = E546F6911F75D58C007E9C9F /* MadridShops.app */;
			productType = "com.apple.product-type.application";
		};
		E546F6A41F75D58C007E9C9F /* MadridShopsTests */ = {
			isa = PBXNativeTarget;
			buildConfigurationList = E546F6B11F75D58C007E9C9F /* Build configuration list for PBXNativeTarget "MadridShopsTests" */;
			buildPhases = (
				E546F6A11F75D58C007E9C9F /* Sources */,
				E546F6A21F75D58C007E9C9F /* Frameworks */,
				E546F6A31F75D58C007E9C9F /* Resources */,
			);
			buildRules = (
			);
			dependencies = (
				E546F6A71F75D58C007E9C9F /* PBXTargetDependency */,
			);
			name = MadridShopsTests;
			productName = MadridShopsTests;
			productReference = E546F6A51F75D58C007E9C9F /* MadridShopsTests.xctest */;
			productType = "com.apple.product-type.bundle.unit-test";
		};
/* End PBXNativeTarget section */

/* Begin PBXProject section */
		E546F6891F75D58C007E9C9F /* Project object */ = {
			isa = PBXProject;
			attributes = {
				LastSwiftUpdateCheck = 0900;
				LastUpgradeCheck = 0900;
				ORGANIZATIONNAME = "Fabio Gomez";
				TargetAttributes = {
					E546F6901F75D58C007E9C9F = {
						CreatedOnToolsVersion = 9.0;
						ProvisioningStyle = Automatic;
					};
					E546F6A41F75D58C007E9C9F = {
						CreatedOnToolsVersion = 9.0;
						ProvisioningStyle = Automatic;
						TestTargetID = E546F6901F75D58C007E9C9F;
					};
				};
			};
			buildConfigurationList = E546F68C1F75D58C007E9C9F /* Build configuration list for PBXProject "MadridShops" */;
			compatibilityVersion = "Xcode 8.0";
			developmentRegion = en;
			hasScannedForEncodings = 0;
			knownRegions = (
				en,
				Base,
			);
			mainGroup = E546F6881F75D58C007E9C9F;
			productRefGroup = E546F6921F75D58C007E9C9F /* Products */;
			projectDirPath = "";
			projectRoot = "";
			targets = (
				E546F6901F75D58C007E9C9F /* MadridShops */,
				E546F6A41F75D58C007E9C9F /* MadridShopsTests */,
			);
		};
/* End PBXProject section */

/* Begin PBXResourcesBuildPhase section */
		E546F68F1F75D58C007E9C9F /* Resources */ = {
			isa = PBXResourcesBuildPhase;
			buildActionMask = 2147483647;
			files = (
				E546F69F1F75D58C007E9C9F /* LaunchScreen.storyboard in Resources */,
				E546F69C1F75D58C007E9C9F /* Assets.xcassets in Resources */,
				E546F69A1F75D58C007E9C9F /* Main.storyboard in Resources */,
			);
			runOnlyForDeploymentPostprocessing = 0;
		};
		E546F6A31F75D58C007E9C9F /* Resources */ = {
			isa = PBXResourcesBuildPhase;
			buildActionMask = 2147483647;
			files = (
			);
			runOnlyForDeploymentPostprocessing = 0;
		};
/* End PBXResourcesBuildPhase section */

/* Begin PBXSourcesBuildPhase section */
		E546F68D1F75D58C007E9C9F /* Sources */ = {
			isa = PBXSourcesBuildPhase;
			buildActionMask = 2147483647;
			files = (
				E546F6971F75D58C007E9C9F /* ViewController.swift in Sources */,
				E546F6951F75D58C007E9C9F /* AppDelegate.swift in Sources */,
			);
			runOnlyForDeploymentPostprocessing = 0;
		};
		E546F6A11F75D58C007E9C9F /* Sources */ = {
			isa = PBXSourcesBuildPhase;
			buildActionMask = 2147483647;
			files = (
				E546F6AA1F75D58C007E9C9F /* MadridShopsTests.swift in Sources */,
			);
			runOnlyForDeploymentPostprocessing = 0;
		};
/* End PBXSourcesBuildPhase section */

/* Begin PBXTargetDependency section */
		E546F6A71F75D58C007E9C9F /* PBXTargetDependency */ = {
			isa = PBXTargetDependency;
			target = E546F6901F75D58C007E9C9F /* MadridShops */;
			targetProxy = E546F6A61F75D58C007E9C9F /* PBXContainerItemProxy */;
		};
/* End PBXTargetDependency section */

/* Begin PBXVariantGroup section */
		E546F6981F75D58C007E9C9F /* Main.storyboard */ = {
			isa = PBXVariantGroup;
			children = (
				E546F6991F75D58C007E9C9F /* Base */,
			);
			name = Main.storyboard;
			sourceTree = "<group>";
		};
		E546F69D1F75D58C007E9C9F /* LaunchScreen.storyboard */ = {
			isa = PBXVariantGroup;
			children = (
				E546F69E1F75D58C007E9C9F /* Base */,
			);
			name = LaunchScreen.storyboard;
			sourceTree = "<group>";
		};
/* End PBXVariantGroup section */

/* Begin XCBuildConfiguration section */
		E546F6AC1F75D58C007E9C9F /* Debug */ = {
			isa = XCBuildConfiguration;
			buildSettings = {
				ALWAYS_SEARCH_USER_PATHS = NO;
				CLANG_ANALYZER_NONNULL = YES;
				CLANG_ANALYZER_NUMBER_OBJECT_CONVERSION = YES_AGGRESSIVE;
				CLANG_CXX_LANGUAGE_STANDARD = "gnu++14";
				CLANG_CXX_LIBRARY = "libc++";
				CLANG_ENABLE_MODULES = YES;
				CLANG_ENABLE_OBJC_ARC = YES;
				CLANG_WARN_BLOCK_CAPTURE_AUTORELEASING = YES;
				CLANG_WARN_BOOL_CONVERSION = YES;
				CLANG_WARN_COMMA = YES;
				CLANG_WARN_CONSTANT_CONVERSION = YES;
				CLANG_WARN_DIRECT_OBJC_ISA_USAGE = YES_ERROR;
				CLANG_WARN_DOCUMENTATION_COMMENTS = YES;
				CLANG_WARN_EMPTY_BODY = YES;
				CLANG_WARN_ENUM_CONVERSION = YES;
				CLANG_WARN_INFINITE_RECURSION = YES;
				CLANG_WARN_INT_CONVERSION = YES;
				CLANG_WARN_NON_LITERAL_NULL_CONVERSION = YES;
				CLANG_WARN_OBJC_LITERAL_CONVERSION = YES;
				CLANG_WARN_OBJC_ROOT_CLASS = YES_ERROR;
				CLANG_WARN_RANGE_LOOP_ANALYSIS = YES;
				CLANG_WARN_STRICT_PROTOTYPES = YES;
				CLANG_WARN_SUSPICIOUS_MOVE = YES;
				CLANG_WARN_UNGUARDED_AVAILABILITY = YES_AGGRESSIVE;
				CLANG_WARN_UNREACHABLE_CODE = YES;
				CLANG_WARN__DUPLICATE_METHOD_MATCH = YES;
				CODE_SIGN_IDENTITY = "iPhone Developer";
				COPY_PHASE_STRIP = NO;
				DEBUG_INFORMATION_FORMAT = dwarf;
				ENABLE_STRICT_OBJC_MSGSEND = YES;
				ENABLE_TESTABILITY = YES;
				GCC_C_LANGUAGE_STANDARD = gnu11;
				GCC_DYNAMIC_NO_PIC = NO;
				GCC_NO_COMMON_BLOCKS = YES;
				GCC_OPTIMIZATION_LEVEL = 0;
				GCC_PREPROCESSOR_DEFINITIONS = (
					"DEBUG=1",
					"$(inherited)",
				);
				GCC_WARN_64_TO_32_BIT_CONVERSION = YES;
				GCC_WARN_ABOUT_RETURN_TYPE = YES_ERROR;
				GCC_WARN_UNDECLARED_SELECTOR = YES;
				GCC_WARN_UNINITIALIZED_AUTOS = YES_AGGRESSIVE;
				GCC_WARN_UNUSED_FUNCTION = YES;
				GCC_WARN_UNUSED_VARIABLE = YES;
				IPHONEOS_DEPLOYMENT_TARGET = 11.0;
				MTL_ENABLE_DEBUG_INFO = YES;
				ONLY_ACTIVE_ARCH = YES;
				SDKROOT = iphoneos;
				SWIFT_ACTIVE_COMPILATION_CONDITIONS = DEBUG;
				SWIFT_OPTIMIZATION_LEVEL = "-Onone";
			};
			name = Debug;
		};
		E546F6AD1F75D58C007E9C9F /* Release */ = {
			isa = XCBuildConfiguration;
			buildSettings = {
				ALWAYS_SEARCH_USER_PATHS = NO;
				CLANG_ANALYZER_NONNULL = YES;
				CLANG_ANALYZER_NUMBER_OBJECT_CONVERSION = YES_AGGRESSIVE;
				CLANG_CXX_LANGUAGE_STANDARD = "gnu++14";
				CLANG_CXX_LIBRARY = "libc++";
				CLANG_ENABLE_MODULES = YES;
				CLANG_ENABLE_OBJC_ARC = YES;
				CLANG_WARN_BLOCK_CAPTURE_AUTORELEASING = YES;
				CLANG_WARN_BOOL_CONVERSION = YES;
				CLANG_WARN_COMMA = YES;
				CLANG_WARN_CONSTANT_CONVERSION = YES;
				CLANG_WARN_DIRECT_OBJC_ISA_USAGE = YES_ERROR;
				CLANG_WARN_DOCUMENTATION_COMMENTS = YES;
				CLANG_WARN_EMPTY_BODY = YES;
				CLANG_WARN_ENUM_CONVERSION = YES;
				CLANG_WARN_INFINITE_RECURSION = YES;
				CLANG_WARN_INT_CONVERSION = YES;
				CLANG_WARN_NON_LITERAL_NULL_CONVERSION = YES;
				CLANG_WARN_OBJC_LITERAL_CONVERSION = YES;
				CLANG_WARN_OBJC_ROOT_CLASS = YES_ERROR;
				CLANG_WARN_RANGE_LOOP_ANALYSIS = YES;
				CLANG_WARN_STRICT_PROTOTYPES = YES;
				CLANG_WARN_SUSPICIOUS_MOVE = YES;
				CLANG_WARN_UNGUARDED_AVAILABILITY = YES_AGGRESSIVE;
				CLANG_WARN_UNREACHABLE_CODE = YES;
				CLANG_WARN__DUPLICATE_METHOD_MATCH = YES;
				CODE_SIGN_IDENTITY = "iPhone Developer";
				COPY_PHASE_STRIP = NO;
				DEBUG_INFORMATION_FORMAT = "dwarf-with-dsym";
				ENABLE_NS_ASSERTIONS = NO;
				ENABLE_STRICT_OBJC_MSGSEND = YES;
				GCC_C_LANGUAGE_STANDARD = gnu11;
				GCC_NO_COMMON_BLOCKS = YES;
				GCC_WARN_64_TO_32_BIT_CONVERSION = YES;
				GCC_WARN_ABOUT_RETURN_TYPE = YES_ERROR;
				GCC_WARN_UNDECLARED_SELECTOR = YES;
				GCC_WARN_UNINITIALIZED_AUTOS = YES_AGGRESSIVE;
				GCC_WARN_UNUSED_FUNCTION = YES;
				GCC_WARN_UNUSED_VARIABLE = YES;
				IPHONEOS_DEPLOYMENT_TARGET = 11.0;
				MTL_ENABLE_DEBUG_INFO = NO;
				SDKROOT = iphoneos;
				SWIFT_OPTIMIZATION_LEVEL = "-Owholemodule";
				VALIDATE_PRODUCT = YES;
			};
			name = Release;
		};
		E546F6AF1F75D58C007E9C9F /* Debug */ = {
			isa = XCBuildConfiguration;
			buildSettings = {
				ASSETCATALOG_COMPILER_APPICON_NAME = AppIcon;
				CODE_SIGN_STYLE = Automatic;
				DEVELOPMENT_TEAM = 4UC7757W7N;
				INFOPLIST_FILE = MadridShops/Info.plist;
				LD_RUNPATH_SEARCH_PATHS = "$(inherited) @executable_path/Frameworks";
				PRODUCT_BUNDLE_IDENTIFIER = fgp.MadridShops;
				PRODUCT_NAME = "$(TARGET_NAME)";
				SWIFT_VERSION = 4.0;
				TARGETED_DEVICE_FAMILY = "1,2";
			};
			name = Debug;
		};
		E546F6B01F75D58C007E9C9F /* Release */ = {
			isa = XCBuildConfiguration;
			buildSettings = {
				ASSETCATALOG_COMPILER_APPICON_NAME = AppIcon;
				CODE_SIGN_STYLE = Automatic;
				DEVELOPMENT_TEAM = 4UC7757W7N;
				INFOPLIST_FILE = MadridShops/Info.plist;
				LD_RUNPATH_SEARCH_PATHS = "$(inherited) @executable_path/Frameworks";
				PRODUCT_BUNDLE_IDENTIFIER = fgp.MadridShops;
				PRODUCT_NAME = "$(TARGET_NAME)";
				SWIFT_VERSION = 4.0;
				TARGETED_DEVICE_FAMILY = "1,2";
			};
			name = Release;
		};
		E546F6B21F75D58C007E9C9F /* Debug */ = {
			isa = XCBuildConfiguration;
			buildSettings = {
				ALWAYS_EMBED_SWIFT_STANDARD_LIBRARIES = YES;
				BUNDLE_LOADER = "$(TEST_HOST)";
				CODE_SIGN_STYLE = Automatic;
				DEVELOPMENT_TEAM = 4UC7757W7N;
				INFOPLIST_FILE = MadridShopsTests/Info.plist;
				LD_RUNPATH_SEARCH_PATHS = "$(inherited) @executable_path/Frameworks @loader_path/Frameworks";
				PRODUCT_BUNDLE_IDENTIFIER = fgp.MadridShopsTests;
				PRODUCT_NAME = "$(TARGET_NAME)";
				SWIFT_VERSION = 4.0;
				TARGETED_DEVICE_FAMILY = "1,2";
				TEST_HOST = "$(BUILT_PRODUCTS_DIR)/MadridShops.app/MadridShops";
			};
			name = Debug;
		};
		E546F6B31F75D58C007E9C9F /* Release */ = {
			isa = XCBuildConfiguration;
			buildSettings = {
				ALWAYS_EMBED_SWIFT_STANDARD_LIBRARIES = YES;
				BUNDLE_LOADER = "$(TEST_HOST)";
				CODE_SIGN_STYLE = Automatic;
				DEVELOPMENT_TEAM = 4UC7757W7N;
				INFOPLIST_FILE = MadridShopsTests/Info.plist;
				LD_RUNPATH_SEARCH_PATHS = "$(inherited) @executable_path/Frameworks @loader_path/Frameworks";
				PRODUCT_BUNDLE_IDENTIFIER = fgp.MadridShopsTests;
				PRODUCT_NAME = "$(TARGET_NAME)";
				SWIFT_VERSION = 4.0;
				TARGETED_DEVICE_FAMILY = "1,2";
				TEST_HOST = "$(BUILT_PRODUCTS_DIR)/MadridShops.app/MadridShops";
			};
			name = Release;
		};
/* End XCBuildConfiguration section */

/* Begin XCConfigurationList section */
		E546F68C1F75D58C007E9C9F /* Build configuration list for PBXProject "MadridShops" */ = {
			isa = XCConfigurationList;
			buildConfigurations = (
				E546F6AC1F75D58C007E9C9F /* Debug */,
				E546F6AD1F75D58C007E9C9F /* Release */,
			);
			defaultConfigurationIsVisible = 0;
			defaultConfigurationName = Release;
		};
		E546F6AE1F75D58C007E9C9F /* Build configuration list for PBXNativeTarget "MadridShops" */ = {
			isa = XCConfigurationList;
			buildConfigurations = (
				E546F6AF1F75D58C007E9C9F /* Debug */,
				E546F6B01F75D58C007E9C9F /* Release */,
			);
			defaultConfigurationIsVisible = 0;
			defaultConfigurationName = Release;
		};
		E546F6B11F75D58C007E9C9F /* Build configuration list for PBXNativeTarget "MadridShopsTests" */ = {
			isa = XCConfigurationList;
			buildConfigurations = (
				E546F6B21F75D58C007E9C9F /* Debug */,
				E546F6B31F75D58C007E9C9F /* Release */,
			);
			defaultConfigurationIsVisible = 0;
			defaultConfigurationName = Release;
		};
/* End XCConfigurationList section */
	};
	rootObject = E546F6891F75D58C007E9C9F /* Project object */;
}
